PODS:
  - boost-for-react-native (1.63.0)
  - DoubleConversion (1.1.6)
  - FBLazyVector (0.62.1)
  - FBReactNativeSpec (0.62.1):
    - Folly (= 2018.10.22.00)
    - RCTRequired (= 0.62.1)
    - RCTTypeSafety (= 0.62.1)
    - React-Core (= 0.62.1)
    - React-jsi (= 0.62.1)
    - ReactCommon/turbomodule/core (= 0.62.1)
  - Folly (2018.10.22.00):
    - boost-for-react-native
    - DoubleConversion
    - Folly/Default (= 2018.10.22.00)
    - glog
  - Folly/Default (2018.10.22.00):
    - boost-for-react-native
    - DoubleConversion
    - glog
  - glog (0.3.5)
  - RCTRequired (0.62.1)
  - RCTTypeSafety (0.62.1):
    - FBLazyVector (= 0.62.1)
    - Folly (= 2018.10.22.00)
    - RCTRequired (= 0.62.1)
    - React-Core (= 0.62.1)
  - React (0.62.1):
    - React-Core (= 0.62.1)
    - React-Core/DevSupport (= 0.62.1)
    - React-Core/RCTWebSocket (= 0.62.1)
    - React-RCTActionSheet (= 0.62.1)
    - React-RCTAnimation (= 0.62.1)
    - React-RCTBlob (= 0.62.1)
    - React-RCTImage (= 0.62.1)
    - React-RCTLinking (= 0.62.1)
    - React-RCTNetwork (= 0.62.1)
    - React-RCTSettings (= 0.62.1)
    - React-RCTText (= 0.62.1)
    - React-RCTVibration (= 0.62.1)
  - React-Core (0.62.1):
    - Folly (= 2018.10.22.00)
    - glog
    - React-Core/Default (= 0.62.1)
    - React-cxxreact (= 0.62.1)
    - React-jsi (= 0.62.1)
    - React-jsiexecutor (= 0.62.1)
    - Yoga
  - React-Core/CoreModulesHeaders (0.62.1):
    - Folly (= 2018.10.22.00)
    - glog
    - React-Core/Default
    - React-cxxreact (= 0.62.1)
    - React-jsi (= 0.62.1)
    - React-jsiexecutor (= 0.62.1)
    - Yoga
  - React-Core/Default (0.62.1):
    - Folly (= 2018.10.22.00)
    - glog
    - React-cxxreact (= 0.62.1)
    - React-jsi (= 0.62.1)
    - React-jsiexecutor (= 0.62.1)
    - Yoga
  - React-Core/DevSupport (0.62.1):
    - Folly (= 2018.10.22.00)
    - glog
    - React-Core/Default (= 0.62.1)
    - React-Core/RCTWebSocket (= 0.62.1)
    - React-cxxreact (= 0.62.1)
    - React-jsi (= 0.62.1)
    - React-jsiexecutor (= 0.62.1)
    - React-jsinspector (= 0.62.1)
    - Yoga
  - React-Core/RCTActionSheetHeaders (0.62.1):
    - Folly (= 2018.10.22.00)
    - glog
    - React-Core/Default
    - React-cxxreact (= 0.62.1)
    - React-jsi (= 0.62.1)
    - React-jsiexecutor (= 0.62.1)
    - Yoga
  - React-Core/RCTAnimationHeaders (0.62.1):
    - Folly (= 2018.10.22.00)
    - glog
    - React-Core/Default
    - React-cxxreact (= 0.62.1)
    - React-jsi (= 0.62.1)
    - React-jsiexecutor (= 0.62.1)
    - Yoga
  - React-Core/RCTBlobHeaders (0.62.1):
    - Folly (= 2018.10.22.00)
    - glog
    - React-Core/Default
    - React-cxxreact (= 0.62.1)
    - React-jsi (= 0.62.1)
    - React-jsiexecutor (= 0.62.1)
    - Yoga
  - React-Core/RCTImageHeaders (0.62.1):
    - Folly (= 2018.10.22.00)
    - glog
    - React-Core/Default
    - React-cxxreact (= 0.62.1)
    - React-jsi (= 0.62.1)
    - React-jsiexecutor (= 0.62.1)
    - Yoga
  - React-Core/RCTLinkingHeaders (0.62.1):
    - Folly (= 2018.10.22.00)
    - glog
    - React-Core/Default
    - React-cxxreact (= 0.62.1)
    - React-jsi (= 0.62.1)
    - React-jsiexecutor (= 0.62.1)
    - Yoga
  - React-Core/RCTNetworkHeaders (0.62.1):
    - Folly (= 2018.10.22.00)
    - glog
    - React-Core/Default
    - React-cxxreact (= 0.62.1)
    - React-jsi (= 0.62.1)
    - React-jsiexecutor (= 0.62.1)
    - Yoga
  - React-Core/RCTSettingsHeaders (0.62.1):
    - Folly (= 2018.10.22.00)
    - glog
    - React-Core/Default
    - React-cxxreact (= 0.62.1)
    - React-jsi (= 0.62.1)
    - React-jsiexecutor (= 0.62.1)
    - Yoga
  - React-Core/RCTTextHeaders (0.62.1):
    - Folly (= 2018.10.22.00)
    - glog
    - React-Core/Default
    - React-cxxreact (= 0.62.1)
    - React-jsi (= 0.62.1)
    - React-jsiexecutor (= 0.62.1)
    - Yoga
  - React-Core/RCTVibrationHeaders (0.62.1):
    - Folly (= 2018.10.22.00)
    - glog
    - React-Core/Default
    - React-cxxreact (= 0.62.1)
    - React-jsi (= 0.62.1)
    - React-jsiexecutor (= 0.62.1)
    - Yoga
  - React-Core/RCTWebSocket (0.62.1):
    - Folly (= 2018.10.22.00)
    - glog
    - React-Core/Default (= 0.62.1)
    - React-cxxreact (= 0.62.1)
    - React-jsi (= 0.62.1)
    - React-jsiexecutor (= 0.62.1)
    - Yoga
  - React-CoreModules (0.62.1):
    - FBReactNativeSpec (= 0.62.1)
    - Folly (= 2018.10.22.00)
    - RCTTypeSafety (= 0.62.1)
    - React-Core/CoreModulesHeaders (= 0.62.1)
    - React-RCTImage (= 0.62.1)
    - ReactCommon/turbomodule/core (= 0.62.1)
  - React-cxxreact (0.62.1):
    - boost-for-react-native (= 1.63.0)
    - DoubleConversion
    - Folly (= 2018.10.22.00)
    - glog
    - React-jsinspector (= 0.62.1)
  - React-jsi (0.62.1):
    - boost-for-react-native (= 1.63.0)
    - DoubleConversion
    - Folly (= 2018.10.22.00)
    - glog
    - React-jsi/Default (= 0.62.1)
  - React-jsi/Default (0.62.1):
    - boost-for-react-native (= 1.63.0)
    - DoubleConversion
    - Folly (= 2018.10.22.00)
    - glog
  - React-jsiexecutor (0.62.1):
    - DoubleConversion
    - Folly (= 2018.10.22.00)
    - glog
    - React-cxxreact (= 0.62.1)
    - React-jsi (= 0.62.1)
  - React-jsinspector (0.62.1)
  - react-native-safe-area-context (0.7.3):
    - React
  - React-RCTActionSheet (0.62.1):
    - React-Core/RCTActionSheetHeaders (= 0.62.1)
  - React-RCTAnimation (0.62.1):
    - FBReactNativeSpec (= 0.62.1)
    - Folly (= 2018.10.22.00)
    - RCTTypeSafety (= 0.62.1)
    - React-Core/RCTAnimationHeaders (= 0.62.1)
    - ReactCommon/turbomodule/core (= 0.62.1)
  - React-RCTBlob (0.62.1):
    - FBReactNativeSpec (= 0.62.1)
    - Folly (= 2018.10.22.00)
    - React-Core/RCTBlobHeaders (= 0.62.1)
    - React-Core/RCTWebSocket (= 0.62.1)
    - React-jsi (= 0.62.1)
    - React-RCTNetwork (= 0.62.1)
    - ReactCommon/turbomodule/core (= 0.62.1)
  - React-RCTImage (0.62.1):
    - FBReactNativeSpec (= 0.62.1)
    - Folly (= 2018.10.22.00)
    - RCTTypeSafety (= 0.62.1)
    - React-Core/RCTImageHeaders (= 0.62.1)
    - React-RCTNetwork (= 0.62.1)
    - ReactCommon/turbomodule/core (= 0.62.1)
  - React-RCTLinking (0.62.1):
    - FBReactNativeSpec (= 0.62.1)
    - React-Core/RCTLinkingHeaders (= 0.62.1)
    - ReactCommon/turbomodule/core (= 0.62.1)
  - React-RCTNetwork (0.62.1):
    - FBReactNativeSpec (= 0.62.1)
    - Folly (= 2018.10.22.00)
    - RCTTypeSafety (= 0.62.1)
    - React-Core/RCTNetworkHeaders (= 0.62.1)
    - ReactCommon/turbomodule/core (= 0.62.1)
  - React-RCTSettings (0.62.1):
    - FBReactNativeSpec (= 0.62.1)
    - Folly (= 2018.10.22.00)
    - RCTTypeSafety (= 0.62.1)
    - React-Core/RCTSettingsHeaders (= 0.62.1)
    - ReactCommon/turbomodule/core (= 0.62.1)
  - React-RCTText (0.62.1):
    - React-Core/RCTTextHeaders (= 0.62.1)
  - React-RCTVibration (0.62.1):
    - FBReactNativeSpec (= 0.62.1)
    - Folly (= 2018.10.22.00)
    - React-Core/RCTVibrationHeaders (= 0.62.1)
    - ReactCommon/turbomodule/core (= 0.62.1)
  - ReactCommon/callinvoker (0.62.1):
    - DoubleConversion
    - Folly (= 2018.10.22.00)
    - glog
    - React-cxxreact (= 0.62.1)
  - ReactCommon/turbomodule/core (0.62.1):
    - DoubleConversion
    - Folly (= 2018.10.22.00)
    - glog
    - React-Core (= 0.62.1)
    - React-cxxreact (= 0.62.1)
    - React-jsi (= 0.62.1)
    - ReactCommon/callinvoker (= 0.62.1)
  - RNCMaskedView (0.1.7):
    - React
  - RNGestureHandler (1.6.1):
    - React
  - RNReanimated (1.7.1):
    - React
  - RNScreens (2.4.0):
    - React
  - RNSVG (12.0.3):
    - React
  - Yoga (1.14.0)

DEPENDENCIES:
  - DoubleConversion (from `../node_modules/react-native/third-party-podspecs/DoubleConversion.podspec`)
  - FBLazyVector (from `../node_modules/react-native/Libraries/FBLazyVector`)
  - FBReactNativeSpec (from `../node_modules/react-native/Libraries/FBReactNativeSpec`)
  - Folly (from `../node_modules/react-native/third-party-podspecs/Folly.podspec`)
  - glog (from `../node_modules/react-native/third-party-podspecs/glog.podspec`)
  - RCTRequired (from `../node_modules/react-native/Libraries/RCTRequired`)
  - RCTTypeSafety (from `../node_modules/react-native/Libraries/TypeSafety`)
  - React (from `../node_modules/react-native/`)
  - React-Core (from `../node_modules/react-native/`)
  - React-Core/DevSupport (from `../node_modules/react-native/`)
  - React-Core/RCTWebSocket (from `../node_modules/react-native/`)
  - React-CoreModules (from `../node_modules/react-native/React/CoreModules`)
  - React-cxxreact (from `../node_modules/react-native/ReactCommon/cxxreact`)
  - React-jsi (from `../node_modules/react-native/ReactCommon/jsi`)
  - React-jsiexecutor (from `../node_modules/react-native/ReactCommon/jsiexecutor`)
  - React-jsinspector (from `../node_modules/react-native/ReactCommon/jsinspector`)
  - react-native-safe-area-context (from `../node_modules/react-native-safe-area-context`)
  - React-RCTActionSheet (from `../node_modules/react-native/Libraries/ActionSheetIOS`)
  - React-RCTAnimation (from `../node_modules/react-native/Libraries/NativeAnimation`)
  - React-RCTBlob (from `../node_modules/react-native/Libraries/Blob`)
  - React-RCTImage (from `../node_modules/react-native/Libraries/Image`)
  - React-RCTLinking (from `../node_modules/react-native/Libraries/LinkingIOS`)
  - React-RCTNetwork (from `../node_modules/react-native/Libraries/Network`)
  - React-RCTSettings (from `../node_modules/react-native/Libraries/Settings`)
  - React-RCTText (from `../node_modules/react-native/Libraries/Text`)
  - React-RCTVibration (from `../node_modules/react-native/Libraries/Vibration`)
  - ReactCommon/callinvoker (from `../node_modules/react-native/ReactCommon`)
  - ReactCommon/turbomodule/core (from `../node_modules/react-native/ReactCommon`)
  - "RNCMaskedView (from `../node_modules/@react-native-community/masked-view`)"
  - RNGestureHandler (from `../node_modules/react-native-gesture-handler`)
  - RNReanimated (from `../node_modules/react-native-reanimated`)
  - RNScreens (from `../node_modules/react-native-screens`)
  - RNSVG (from `../node_modules/react-native-svg`)
  - Yoga (from `../node_modules/react-native/ReactCommon/yoga`)

SPEC REPOS:
  trunk:
    - boost-for-react-native

EXTERNAL SOURCES:
  DoubleConversion:
    :podspec: "../node_modules/react-native/third-party-podspecs/DoubleConversion.podspec"
  FBLazyVector:
    :path: "../node_modules/react-native/Libraries/FBLazyVector"
  FBReactNativeSpec:
    :path: "../node_modules/react-native/Libraries/FBReactNativeSpec"
  Folly:
    :podspec: "../node_modules/react-native/third-party-podspecs/Folly.podspec"
  glog:
    :podspec: "../node_modules/react-native/third-party-podspecs/glog.podspec"
  RCTRequired:
    :path: "../node_modules/react-native/Libraries/RCTRequired"
  RCTTypeSafety:
    :path: "../node_modules/react-native/Libraries/TypeSafety"
  React:
    :path: "../node_modules/react-native/"
  React-Core:
    :path: "../node_modules/react-native/"
  React-CoreModules:
    :path: "../node_modules/react-native/React/CoreModules"
  React-cxxreact:
    :path: "../node_modules/react-native/ReactCommon/cxxreact"
  React-jsi:
    :path: "../node_modules/react-native/ReactCommon/jsi"
  React-jsiexecutor:
    :path: "../node_modules/react-native/ReactCommon/jsiexecutor"
  React-jsinspector:
    :path: "../node_modules/react-native/ReactCommon/jsinspector"
  react-native-safe-area-context:
    :path: "../node_modules/react-native-safe-area-context"
  React-RCTActionSheet:
    :path: "../node_modules/react-native/Libraries/ActionSheetIOS"
  React-RCTAnimation:
    :path: "../node_modules/react-native/Libraries/NativeAnimation"
  React-RCTBlob:
    :path: "../node_modules/react-native/Libraries/Blob"
  React-RCTImage:
    :path: "../node_modules/react-native/Libraries/Image"
  React-RCTLinking:
    :path: "../node_modules/react-native/Libraries/LinkingIOS"
  React-RCTNetwork:
    :path: "../node_modules/react-native/Libraries/Network"
  React-RCTSettings:
    :path: "../node_modules/react-native/Libraries/Settings"
  React-RCTText:
    :path: "../node_modules/react-native/Libraries/Text"
  React-RCTVibration:
    :path: "../node_modules/react-native/Libraries/Vibration"
  ReactCommon:
    :path: "../node_modules/react-native/ReactCommon"
  RNCMaskedView:
    :path: "../node_modules/@react-native-community/masked-view"
  RNGestureHandler:
    :path: "../node_modules/react-native-gesture-handler"
  RNReanimated:
    :path: "../node_modules/react-native-reanimated"
  RNScreens:
    :path: "../node_modules/react-native-screens"
  RNSVG:
    :path: "../node_modules/react-native-svg"
  Yoga:
    :path: "../node_modules/react-native/ReactCommon/yoga"

SPEC CHECKSUMS:
  boost-for-react-native: 39c7adb57c4e60d6c5479dd8623128eb5b3f0f2c
  DoubleConversion: 5805e889d232975c086db112ece9ed034df7a0b2
  FBLazyVector: 95ee3e58937a6052f86b0e32f142388c22fa22c5
  FBReactNativeSpec: 26dd6459299e48cd64eb397c45635e466dba9f45
  Folly: 30e7936e1c45c08d884aa59369ed951a8e68cf51
  glog: 1f3da668190260b06b429bb211bfbee5cd790c28
  RCTRequired: e291538a455f5ad1afc2139a4288990be0cadd46
  RCTTypeSafety: 8b6237185765dd9a03a3647807e08864105b1f95
  React: 7b33e15fab929c47ac9c3c94c409258b13cfe452
  React-Core: 9a164d53492e2d8a84e7acf87988253dff09cf93
  React-CoreModules: 9aba468d44532cbc301e1323a62b3d796c69c26d
  React-cxxreact: 1eed6bc2a4f8e25910994b5dfca1acf1878b25c7
  React-jsi: 600d8e42510c3254fd2abd702f4b9d3f598d8f52
  React-jsiexecutor: e9698dee4fd43ceb44832baf15d5745f455b0157
  React-jsinspector: f74a62727e5604119abd4a1eda52c0a12144bcd5
  react-native-safe-area-context: e200d4433aba6b7e60b52da5f37af11f7a0b0392
  React-RCTActionSheet: af8f28dd82fec89b8fe29637b8c779829e016a88
  React-RCTAnimation: 0d21fff7c20fb8ee41de5f2ebb63221127febd96
  React-RCTBlob: 9496bd93130b22069bfbc5d35e98653dae7c35c6
  React-RCTImage: a220d154ab3b92bc8a3d040651a21a047c5876b7
  React-RCTLinking: 07b694640ae4a43e25c0e3e54713345f9ef1a706
  React-RCTNetwork: 043479410782020c2081498b5766db136aea6fe9
  React-RCTSettings: 826bed85c8887cec143f561a27bb3044f28fbde4
  React-RCTText: 239e040f401505001327a109f9188a4e6dad1bd2
  React-RCTVibration: 072c3b427dd29e730c2ee5bfc509cf5054741a50
  ReactCommon: 3585806280c51d5c2c0d3aa5a99014c3badb629d
  RNCMaskedView: 76c40a1d41c3e2535df09246a2b5487f04de0814
  RNGestureHandler: 8f09cd560f8d533eb36da5a6c5a843af9f056b38
  RNReanimated: 4e102df74a9674fa943e05f97f3362b6e44d0b48
  RNScreens: b5c0e1b2b04512919e78bd3898e144a157ce2363
  RNSVG: 7e16ddfc6e00d5aa69c9eb83e699bcce5dcb85d4
  Yoga: 50fb6eb13d2152e7363293ff603385db380815b1

PODFILE CHECKSUM: 10910e3f289a2d6ebe0aa47261189049c0c51778

COCOAPODS: 1.8.4
